<?xml version="1.0" encoding="utf-8"?>
<Project ToolsVersion="4.0" xmlns="http://schemas.microsoft.com/developer/msbuild/2003">
  <ItemGroup>
    <Filter Include="Quelldateien">
      <UniqueIdentifier>{4FC737F1-C7A5-4376-A066-2A32D752A2FF}</UniqueIdentifier>
      <Extensions>cpp;c;cc;cxx;c++;cppm;ixx;def;odl;idl;hpj;bat;asm;asmx</Extensions>
    </Filter>
    <Filter Include="Headerdateien">
      <UniqueIdentifier>{93995380-89BD-4b04-88EB-625FBE52EBFB}</UniqueIdentifier>
      <Extensions>h;hh;hpp;hxx;h++;hm;inl;inc;ipp;xsd</Extensions>
    </Filter>
    <Filter Include="Ressourcendateien">
      <UniqueIdentifier>{67DA6AB6-F800-4c08-8B7A-83BB121AAD01}</UniqueIdentifier>
      <Extensions>rc;ico;cur;bmp;dlg;rc2;rct;bin;rgs;gif;jpg;jpeg;jpe;resx;tiff;tif;png;wav;mfcribbon-ms</Extensions>
    </Filter>
    <Filter Include="Shader">
      <UniqueIdentifier>{3ee269d4-4115-4655-8dc3-f47fe766223e}</UniqueIdentifier>
    </Filter>
    <Filter Include="Headerdateien\Test">
      <UniqueIdentifier>{f7a71ae8-1081-47b1-92ec-19a55e5a02d7}</UniqueIdentifier>
    </Filter>
    <Filter Include="Quelldateien\Test">
      <UniqueIdentifier>{e6bb8d6f-5afd-4019-b1e4-410990479b27}</UniqueIdentifier>
    </Filter>
  </ItemGroup>
  <ItemGroup>
    <ClCompile Include="RubiksCube.cpp">
      <Filter>Quelldateien</Filter>
    </ClCompile>
    <ClCompile Include="GameInterface.cpp">
      <Filter>Quelldateien</Filter>
    </ClCompile>
    <ClCompile Include="ShaderUtil.cpp">
      <Filter>Quelldateien</Filter>
    </ClCompile>
    <ClCompile Include="CubieRenderer.cpp">
      <Filter>Quelldateien</Filter>
    </ClCompile>
    <ClCompile Include="TestGlm.cpp">
      <Filter>Quelldateien\Test</Filter>
    </ClCompile>
    <ClCompile Include="TestTriangle.cpp">
      <Filter>Quelldateien\Test</Filter>
    </ClCompile>
  </ItemGroup>
  <ItemGroup>
    <ClInclude Include="GameInterface.h">
      <Filter>Headerdateien</Filter>
    </ClInclude>
    <ClInclude Include="ShaderUtil.h">
      <Filter>Headerdateien</Filter>
    </ClInclude>
    <ClInclude Include="CubieRenderer.h">
      <Filter>Headerdateien</Filter>
    </ClInclude>
    <ClInclude Include="TestGlm.h">
      <Filter>Headerdateien\Test</Filter>
    </ClInclude>
    <ClInclude Include="TestTriangle.h">
      <Filter>Headerdateien\Test</Filter>
    </ClInclude>
  </ItemGroup>
  <ItemGroup>
    <CopyFileToFolders Include="FSimple.glsl">
      <Filter>Shader</Filter>
    </CopyFileToFolders>
    <CopyFileToFolders Include="VSimple.glsl">
      <Filter>Shader</Filter>
    </CopyFileToFolders>
    <CopyFileToFolders Include="VColor.glsl">
      <Filter>Shader</Filter>
    </CopyFileToFolders>
    <CopyFileToFolders Include="FColor.glsl">
      <Filter>Shader</Filter>
    </CopyFileToFolders>
  </ItemGroup>
</Project>